
Microsoft Visual Studio Solution File, Format Version 12.00
# Visual Studio 14
VisualStudioVersion = 14.0.23107.0
MinimumVisualStudioVersion = 10.0.40219.1
Project("{FAE04EC0-301F-11D3-BF4B-00C04F79EFBC}") = "Server", "Server\Server.csproj", "{28B78C8E-3F4C-4E7F-B4EB-EE8B7E574993}"
EndProject
Project("{FAE04EC0-301F-11D3-BF4B-00C04F79EFBC}") = "ServerHost", "ServerHost\ServerHost.csproj", "{3BF34A4F-9B85-4DB3-92F8-BD51E27B5B7D}"
EndProject
Global
	GlobalSection(SolutionConfigurationPlatforms) = preSolution
		Debug|Any CPU = Debug|Any CPU
		Release|Any CPU = Release|Any CPU
	EndGlobalSection
	GlobalSection(ProjectConfigurationPlatforms) = postSolution
		{28B78C8E-3F4C-4E7F-B4EB-EE8B7E574993}.Debug|Any CPU.ActiveCfg = Debug|Any CPU
		{28B78C8E-3F4C-4E7F-B4EB-EE8B7E574993}.Debug|Any CPU.Build.0 = Debug|Any CPU
		{28B78C8E-3F4C-4E7F-B4EB-EE8B7E574993}.Release|Any CPU.ActiveCfg = Release|Any CPU
		{28B78C8E-3F4C-4E7F-B4EB-EE8B7E574993}.Release|Any CPU.Build.0 = Release|Any CPU
		{3BF34A4F-9B85-4DB3-92F8-BD51E27B5B7D}.Debug|Any CPU.ActiveCfg = Debug|Any CPU
		{3BF34A4F-9B85-4DB3-92F8-BD51E27B5B7D}.Debug|Any CPU.Build.0 = Debug|Any CPU
		{3BF34A4F-9B85-4DB3-92F8-BD51E27B5B7D}.Release|Any CPU.ActiveCfg = Release|Any CPU
		{3BF34A4F-9B85-4DB3-92F8-BD51E27B5B7D}.Release|Any CPU.Build.0 = Release|Any CPU
	EndGlobalSection
	GlobalSection(SolutionProperties) = preSolution
		HideSolutionNode = FALSE
	EndGlobalSection
EndGlobal
